
Microsoft Visual Studio Solution File, Format Version 12.00
# Visual Studio Version 16
VisualStudioVersion = 16.0.30907.101
MinimumVisualStudioVersion = 10.0.40219.1
Project("{FAE04EC0-301F-11D3-BF4B-00C04F79EFBC}") = "PruebasNuget", "PruebasNuget\PruebasNuget.csproj", "{4C5F8DE5-0976-4BBD-A31F-32CA953E7647}"
EndProject
Global
	GlobalSection(SolutionConfigurationPlatforms) = preSolution
		Debug|Any CPU = Debug|Any CPU
		Release|Any CPU = Release|Any CPU
	EndGlobalSection
	GlobalSection(ProjectConfigurationPlatforms) = postSolution
		{4C5F8DE5-0976-4BBD-A31F-32CA953E7647}.Debug|Any CPU.ActiveCfg = Debug|Any CPU
		{4C5F8DE5-0976-4BBD-A31F-32CA953E7647}.Debug|Any CPU.Build.0 = Debug|Any CPU
		{4C5F8DE5-0976-4BBD-A31F-32CA953E7647}.Release|Any CPU.ActiveCfg = Release|Any CPU
		{4C5F8DE5-0976-4BBD-A31F-32CA953E7647}.Release|Any CPU.Build.0 = Release|Any CPU
	EndGlobalSection
	GlobalSection(SolutionProperties) = preSolution
		HideSolutionNode = FALSE
	EndGlobalSection
	GlobalSection(ExtensibilityGlobals) = postSolution
		SolutionGuid = {BC1C1926-421F-454B-AE51-48818E54499F}
	EndGlobalSection
EndGlobal
